
Microsoft Visual Studio Solution File, Format Version 12.00
# Visual Studio Version 17
VisualStudioVersion = 17.3.32804.467
MinimumVisualStudioVersion = 10.0.40219.1
Project("{FAE04EC0-301F-11D3-BF4B-00C04F79EFBC}") = "JWTIdentityAPI", "JWTIdentityAPI\JWTIdentityAPI.csproj", "{AA91FF02-C8FF-4024-8A91-56C70AF3B5A8}"
EndProject
Global
	GlobalSection(SolutionConfigurationPlatforms) = preSolution
		Debug|Any CPU = Debug|Any CPU
		Release|Any CPU = Release|Any CPU
	EndGlobalSection
	GlobalSection(ProjectConfigurationPlatforms) = postSolution
		{AA91FF02-C8FF-4024-8A91-56C70AF3B5A8}.Debug|Any CPU.ActiveCfg = Debug|Any CPU
		{AA91FF02-C8FF-4024-8A91-56C70AF3B5A8}.Debug|Any CPU.Build.0 = Debug|Any CPU
		{AA91FF02-C8FF-4024-8A91-56C70AF3B5A8}.Release|Any CPU.ActiveCfg = Release|Any CPU
		{AA91FF02-C8FF-4024-8A91-56C70AF3B5A8}.Release|Any CPU.Build.0 = Release|Any CPU
	EndGlobalSection
	GlobalSection(SolutionProperties) = preSolution
		HideSolutionNode = FALSE
	EndGlobalSection
	GlobalSection(ExtensibilityGlobals) = postSolution
		SolutionGuid = {65AB3EF6-BFB0-417C-B1EC-E079330CEC29}
	EndGlobalSection
EndGlobal
